// !$*UTF8*$!
{
	archiveVersion = 1;
	classes = {
	};
	objectVersion = 51;
	objects = {

/* Begin PBXBuildFile section */
		6A30B21A2774DC28008FED7A /* AppDelegate.swift in Sources */ = {isa = PBXBuildFile; fileRef = 6A30B2192774DC28008FED7A /* AppDelegate.swift */; };
		6A30B21C2774DC28008FED7A /* SceneDelegate.swift in Sources */ = {isa = PBXBuildFile; fileRef = 6A30B21B2774DC28008FED7A /* SceneDelegate.swift */; };
		6A30B21E2774DC28008FED7A /* ViewController.swift in Sources */ = {isa = PBXBuildFile; fileRef = 6A30B21D2774DC28008FED7A /* ViewController.swift */; };
		6A30B2232774DC2B008FED7A /* Assets.xcassets in Resources */ = {isa = PBXBuildFile; fileRef = 6A30B2222774DC2B008FED7A /* Assets.xcassets */; };
		6A30B2262774DC2B008FED7A /* LaunchScreen.storyboard in Resources */ = {isa = PBXBuildFile; fileRef = 6A30B2242774DC2B008FED7A /* LaunchScreen.storyboard */; };
		6A7CAB322774FA2C0096641F /* DataViewController.swift in Sources */ = {isa = PBXBuildFile; fileRef = 6A7CAB312774FA2C0096641F /* DataViewController.swift */; };
		6A7CAB342774FC540096641F /* CustomPageViewController.swift in Sources */ = {isa = PBXBuildFile; fileRef = 6A7CAB332774FC540096641F /* CustomPageViewController.swift */; };
		DD6C1C48F9801946933769BE /* Pods_Week12.framework in Frameworks */ = {isa = PBXBuildFile; fileRef = 7016CA57AD181C73E793D5EB /* Pods_Week12.framework */; };
/* End PBXBuildFile section */

/* Begin PBXFileReference section */
		6A30B2162774DC28008FED7A /* Week12.app */ = {isa = PBXFileReference; explicitFileType = wrapper.application; includeInIndex = 0; path = Week12.app; sourceTree = BUILT_PRODUCTS_DIR; };
		6A30B2192774DC28008FED7A /* AppDelegate.swift */ = {isa = PBXFileReference; lastKnownFileType = sourcecode.swift; path = AppDelegate.swift; sourceTree = "<group>"; };
		6A30B21B2774DC28008FED7A /* SceneDelegate.swift */ = {isa = PBXFileReference; lastKnownFileType = sourcecode.swift; path = SceneDelegate.swift; sourceTree = "<group>"; };
		6A30B21D2774DC28008FED7A /* ViewController.swift */ = {isa = PBXFileReference; lastKnownFileType = sourcecode.swift; path = ViewController.swift; sourceTree = "<group>"; };
		6A30B2222774DC2B008FED7A /* Assets.xcassets */ = {isa = PBXFileReference; lastKnownFileType = folder.assetcatalog; path = Assets.xcassets; sourceTree = "<group>"; };
		6A30B2252774DC2B008FED7A /* Base */ = {isa = PBXFileReference; lastKnownFileType = file.storyboard; name = Base; path = Base.lproj/LaunchScreen.storyboard; sourceTree = "<group>"; };
		6A30B2272774DC2B008FED7A /* Info.plist */ = {isa = PBXFileReference; lastKnownFileType = text.plist.xml; path = Info.plist; sourceTree = "<group>"; };
		6A7CAB312774FA2C0096641F /* DataViewController.swift */ = {isa = PBXFileReference; lastKnownFileType = sourcecode.swift; path = DataViewController.swift; sourceTree = "<group>"; };
		6A7CAB332774FC540096641F /* CustomPageViewController.swift */ = {isa = PBXFileReference; lastKnownFileType = sourcecode.swift; path = CustomPageViewController.swift; sourceTree = "<group>"; };
		7016CA57AD181C73E793D5EB /* Pods_Week12.framework */ = {isa = PBXFileReference; explicitFileType = wrapper.framework; includeInIndex = 0; path = Pods_Week12.framework; sourceTree = BUILT_PRODUCTS_DIR; };
		8ADE40F28B1DD1EE1D4F5CB3 /* Pods-Week12.release.xcconfig */ = {isa = PBXFileReference; includeInIndex = 1; lastKnownFileType = text.xcconfig; name = "Pods-Week12.release.xcconfig"; path = "Target Support Files/Pods-Week12/Pods-Week12.release.xcconfig"; sourceTree = "<group>"; };
		A97F542D6259CF07495C0170 /* Pods-Week12.debug.xcconfig */ = {isa = PBXFileReference; includeInIndex = 1; lastKnownFileType = text.xcconfig; name = "Pods-Week12.debug.xcconfig"; path = "Target Support Files/Pods-Week12/Pods-Week12.debug.xcconfig"; sourceTree = "<group>"; };
/* End PBXFileReference section */

/* Begin PBXFrameworksBuildPhase section */
		6A30B2132774DC28008FED7A /* Frameworks */ = {
			isa = PBXFrameworksBuildPhase;
			buildActionMask = 2147483647;
			files = (
				DD6C1C48F9801946933769BE /* Pods_Week12.framework in Frameworks */,
			);
			runOnlyForDeploymentPostprocessing = 0;
		};
/* End PBXFrameworksBuildPhase section */

/* Begin PBXGroup section */
		154EEDFDC7F2FB2BBB862135 /* Pods */ = {
			isa = PBXGroup;
			children = (
				A97F542D6259CF07495C0170 /* Pods-Week12.debug.xcconfig */,
				8ADE40F28B1DD1EE1D4F5CB3 /* Pods-Week12.release.xcconfig */,
			);
			path = Pods;
			sourceTree = "<group>";
		};
		6A30B20D2774DC28008FED7A = {
			isa = PBXGroup;
			children = (
				6A30B2182774DC28008FED7A /* Week12 */,
				6A30B2172774DC28008FED7A /* Products */,
				154EEDFDC7F2FB2BBB862135 /* Pods */,
				FFDF4F7699156E2411933FFA /* Frameworks */,
			);
			sourceTree = "<group>";
		};
		6A30B2172774DC28008FED7A /* Products */ = {
			isa = PBXGroup;
			children = (
				6A30B2162774DC28008FED7A /* Week12.app */,
			);
			name = Products;
			sourceTree = "<group>";
		};
		6A30B2182774DC28008FED7A /* Week12 */ = {
			isa = PBXGroup;
			children = (
				6A30B2192774DC28008FED7A /* AppDelegate.swift */,
				6A30B21B2774DC28008FED7A /* SceneDelegate.swift */,
				6A30B21D2774DC28008FED7A /* ViewController.swift */,
				6A30B2222774DC2B008FED7A /* Assets.xcassets */,
				6A30B2242774DC2B008FED7A /* LaunchScreen.storyboard */,
				6A30B2272774DC2B008FED7A /* Info.plist */,
				6A7CAB312774FA2C0096641F /* DataViewController.swift */,
				6A7CAB332774FC540096641F /* CustomPageViewController.swift */,
			);
			path = Week12;
			sourceTree = "<group>";
		};
		FFDF4F7699156E2411933FFA /* Frameworks */ = {
			isa = PBXGroup;
			children = (
				7016CA57AD181C73E793D5EB /* Pods_Week12.framework */,
			);
			name = Frameworks;
			sourceTree = "<group>";
		};
/* End PBXGroup section */

/* Begin PBXNativeTarget section */
		6A30B2152774DC28008FED7A /* Week12 */ = {
			isa = PBXNativeTarget;
			buildConfigurationList = 6A30B22A2774DC2B008FED7A /* Build configuration list for PBXNativeTarget "Week12" */;
			buildPhases = (
				8399EB3725AD1E399B7FAFCE /* [CP] Check Pods Manifest.lock */,
				6A7CAB302774F8F20096641F /* Run Swiftlint */,
				6A30B2122774DC28008FED7A /* Sources */,
				6A30B2132774DC28008FED7A /* Frameworks */,
				6A30B2142774DC28008FED7A /* Resources */,
				4B0A72E78DF3827CAB64CBA0 /* [CP] Embed Pods Frameworks */,
			);
			buildRules = (
			);
			dependencies = (
			);
			name = Week12;
			productName = Week12;
			productReference = 6A30B2162774DC28008FED7A /* Week12.app */;
			productType = "com.apple.product-type.application";
		};
/* End PBXNativeTarget section */

/* Begin PBXProject section */
		6A30B20E2774DC28008FED7A /* Project object */ = {
			isa = PBXProject;
			attributes = {
				LastSwiftUpdateCheck = 1250;
				LastUpgradeCheck = 1250;
				TargetAttributes = {
					6A30B2152774DC28008FED7A = {
						CreatedOnToolsVersion = 12.5.1;
					};
				};
			};
			buildConfigurationList = 6A30B2112774DC28008FED7A /* Build configuration list for PBXProject "Week12" */;
			compatibilityVersion = "Xcode 9.3";
			developmentRegion = en;
			hasScannedForEncodings = 0;
			knownRegions = (
				en,
				Base,
			);
			mainGroup = 6A30B20D2774DC28008FED7A;
			productRefGroup = 6A30B2172774DC28008FED7A /* Products */;
			projectDirPath = "";
			projectRoot = "";
			targets = (
				6A30B2152774DC28008FED7A /* Week12 */,
			);
		};
/* End PBXProject section */

/* Begin PBXResourcesBuildPhase section */
		6A30B2142774DC28008FED7A /* Resources */ = {
			isa = PBXResourcesBuildPhase;
			buildActionMask = 2147483647;
			files = (
				6A30B2262774DC2B008FED7A /* LaunchScreen.storyboard in Resources */,
				6A30B2232774DC2B008FED7A /* Assets.xcassets in Resources */,
			);
			runOnlyForDeploymentPostprocessing = 0;
		};
/* End PBXResourcesBuildPhase section */

/* Begin PBXShellScriptBuildPhase section */
		4B0A72E78DF3827CAB64CBA0 /* [CP] Embed Pods Frameworks */ = {
			isa = PBXShellScriptBuildPhase;
			buildActionMask = 2147483647;
			files = (
			);
			inputFileListPaths = (
				"${PODS_ROOT}/Target Support Files/Pods-Week12/Pods-Week12-frameworks-${CONFIGURATION}-input-files.xcfilelist",
			);
			name = "[CP] Embed Pods Frameworks";
			outputFileListPaths = (
				"${PODS_ROOT}/Target Support Files/Pods-Week12/Pods-Week12-frameworks-${CONFIGURATION}-output-files.xcfilelist",
			);
			runOnlyForDeploymentPostprocessing = 0;
			shellPath = /bin/sh;
			shellScript = "\"${PODS_ROOT}/Target Support Files/Pods-Week12/Pods-Week12-frameworks.sh\"\n";
			showEnvVarsInLog = 0;
		};
		6A7CAB302774F8F20096641F /* Run Swiftlint */ = {
			isa = PBXShellScriptBuildPhase;
			buildActionMask = 2147483647;
			files = (
			);
			inputFileListPaths = (
			);
			inputPaths = (
			);
			name = "Run Swiftlint";
			outputFileListPaths = (
			);
			outputPaths = (
			);
			runOnlyForDeploymentPostprocessing = 0;
			shellPath = /bin/sh;
			shellScript = "\"${PODS_ROOT}/SwiftLint/swiftlint\"\n";
		};
		8399EB3725AD1E399B7FAFCE /* [CP] Check Pods Manifest.lock */ = {
			isa = PBXShellScriptBuildPhase;
			buildActionMask = 2147483647;
			files = (
			);
			inputFileListPaths = (
			);
			inputPaths = (
				"${PODS_PODFILE_DIR_PATH}/Podfile.lock",
				"${PODS_ROOT}/Manifest.lock",
			);
			name = "[CP] Check Pods Manifest.lock";
			outputFileListPaths = (
			);
			outputPaths = (
				"$(DERIVED_FILE_DIR)/Pods-Week12-checkManifestLockResult.txt",
			);
			runOnlyForDeploymentPostprocessing = 0;
			shellPath = /bin/sh;
			shellScript = "diff \"${PODS_PODFILE_DIR_PATH}/Podfile.lock\" \"${PODS_ROOT}/Manifest.lock\" > /dev/null\nif [ $? != 0 ] ; then\n    # print error to STDERR\n    echo \"error: The sandbox is not in sync with the Podfile.lock. Run 'pod install' or update your CocoaPods installation.\" >&2\n    exit 1\nfi\n# This output is used by Xcode 'outputs' to avoid re-running this script phase.\necho \"SUCCESS\" > \"${SCRIPT_OUTPUT_FILE_0}\"\n";
			showEnvVarsInLog = 0;
		};
/* End PBXShellScriptBuildPhase section */

/* Begin PBXSourcesBuildPhase section */
		6A30B2122774DC28008FED7A /* Sources */ = {
			isa = PBXSourcesBuildPhase;
			buildActionMask = 2147483647;
			files = (
				6A7CAB322774FA2C0096641F /* DataViewController.swift in Sources */,
				6A30B21E2774DC28008FED7A /* ViewController.swift in Sources */,
				6A30B21A2774DC28008FED7A /* AppDelegate.swift in Sources */,
				6A7CAB342774FC540096641F /* CustomPageViewController.swift in Sources */,
				6A30B21C2774DC28008FED7A /* SceneDelegate.swift in Sources */,
			);
			runOnlyForDeploymentPostprocessing = 0;
		};
/* End PBXSourcesBuildPhase section */

/* Begin PBXVariantGroup section */
		6A30B2242774DC2B008FED7A /* LaunchScreen.storyboard */ = {
			isa = PBXVariantGroup;
			children = (
				6A30B2252774DC2B008FED7A /* Base */,
			);
			name = LaunchScreen.storyboard;
			sourceTree = "<group>";
		};
/* End PBXVariantGroup section */

/* Begin XCBuildConfiguration section */
		6A30B2282774DC2B008FED7A /* Debug */ = {
			isa = XCBuildConfiguration;
			buildSettings = {
				ALWAYS_SEARCH_USER_PATHS = NO;
				CLANG_ANALYZER_NONNULL = YES;
				CLANG_ANALYZER_NUMBER_OBJECT_CONVERSION = YES_AGGRESSIVE;
				CLANG_CXX_LANGUAGE_STANDARD = "gnu++14";
				CLANG_CXX_LIBRARY = "libc++";
				CLANG_ENABLE_MODULES = YES;
				CLANG_ENABLE_OBJC_ARC = YES;
				CLANG_ENABLE_OBJC_WEAK = YES;
				CLANG_WARN_BLOCK_CAPTURE_AUTORELEASING = YES;
				CLANG_WARN_BOOL_CONVERSION = YES;
				CLANG_WARN_COMMA = YES;
				CLANG_WARN_CONSTANT_CONVERSION = YES;
				CLANG_WARN_DEPRECATED_OBJC_IMPLEMENTATIONS = YES;
				CLANG_WARN_DIRECT_OBJC_ISA_USAGE = YES_ERROR;
				CLANG_WARN_DOCUMENTATION_COMMENTS = YES;
				CLANG_WARN_EMPTY_BODY = YES;
				CLANG_WARN_ENUM_CONVERSION = YES;
				CLANG_WARN_INFINITE_RECURSION = YES;
				CLANG_WARN_INT_CONVERSION = YES;
				CLANG_WARN_NON_LITERAL_NULL_CONVERSION = YES;
				CLANG_WARN_OBJC_IMPLICIT_RETAIN_SELF = YES;
				CLANG_WARN_OBJC_LITERAL_CONVERSION = YES;
				CLANG_WARN_OBJC_ROOT_CLASS = YES_ERROR;
				CLANG_WARN_QUOTED_INCLUDE_IN_FRAMEWORK_HEADER = YES;
				CLANG_WARN_RANGE_LOOP_ANALYSIS = YES;
				CLANG_WARN_STRICT_PROTOTYPES = YES;
				CLANG_WARN_SUSPICIOUS_MOVE = YES;
				CLANG_WARN_UNGUARDED_AVAILABILITY = YES_AGGRESSIVE;
				CLANG_WARN_UNREACHABLE_CODE = YES;
				CLANG_WARN__DUPLICATE_METHOD_MATCH = YES;
				COPY_PHASE_STRIP = NO;
				DEBUG_INFORMATION_FORMAT = dwarf;
				ENABLE_STRICT_OBJC_MSGSEND = YES;
				ENABLE_TESTABILITY = YES;
				GCC_C_LANGUAGE_STANDARD = gnu11;
				GCC_DYNAMIC_NO_PIC = NO;
				GCC_NO_COMMON_BLOCKS = YES;
				GCC_OPTIMIZATION_LEVEL = 0;
				GCC_PREPROCESSOR_DEFINITIONS = (
					"DEBUG=1",
					"$(inherited)",
				);
				GCC_WARN_64_TO_32_BIT_CONVERSION = YES;
				GCC_WARN_ABOUT_RETURN_TYPE = YES_ERROR;
				GCC_WARN_UNDECLARED_SELECTOR = YES;
				GCC_WARN_UNINITIALIZED_AUTOS = YES_AGGRESSIVE;
				GCC_WARN_UNUSED_FUNCTION = YES;
				GCC_WARN_UNUSED_VARIABLE = YES;
				IPHONEOS_DEPLOYMENT_TARGET = 14.5;
				MTL_ENABLE_DEBUG_INFO = INCLUDE_SOURCE;
				MTL_FAST_MATH = YES;
				ONLY_ACTIVE_ARCH = YES;
				SDKROOT = iphoneos;
				SWIFT_ACTIVE_COMPILATION_CONDITIONS = DEBUG;
				SWIFT_OPTIMIZATION_LEVEL = "-Onone";
			};
			name = Debug;
		};
		6A30B2292774DC2B008FED7A /* Release */ = {
			isa = XCBuildConfiguration;
			buildSettings = {
				ALWAYS_SEARCH_USER_PATHS = NO;
				CLANG_ANALYZER_NONNULL = YES;
				CLANG_ANALYZER_NUMBER_OBJECT_CONVERSION = YES_AGGRESSIVE;
				CLANG_CXX_LANGUAGE_STANDARD = "gnu++14";
				CLANG_CXX_LIBRARY = "libc++";
				CLANG_ENABLE_MODULES = YES;
				CLANG_ENABLE_OBJC_ARC = YES;
				CLANG_ENABLE_OBJC_WEAK = YES;
				CLANG_WARN_BLOCK_CAPTURE_AUTORELEASING = YES;
				CLANG_WARN_BOOL_CONVERSION = YES;
				CLANG_WARN_COMMA = YES;
				CLANG_WARN_CONSTANT_CONVERSION = YES;
				CLANG_WARN_DEPRECATED_OBJC_IMPLEMENTATIONS = YES;
				CLANG_WARN_DIRECT_OBJC_ISA_USAGE = YES_ERROR;
				CLANG_WARN_DOCUMENTATION_COMMENTS = YES;
				CLANG_WARN_EMPTY_BODY = YES;
				CLANG_WARN_ENUM_CONVERSION = YES;
				CLANG_WARN_INFINITE_RECURSION = YES;
				CLANG_WARN_INT_CONVERSION = YES;
				CLANG_WARN_NON_LITERAL_NULL_CONVERSION = YES;
				CLANG_WARN_OBJC_IMPLICIT_RETAIN_SELF = YES;
				CLANG_WARN_OBJC_LITERAL_CONVERSION = YES;
				CLANG_WARN_OBJC_ROOT_CLASS = YES_ERROR;
				CLANG_WARN_QUOTED_INCLUDE_IN_FRAMEWORK_HEADER = YES;
				CLANG_WARN_RANGE_LOOP_ANALYSIS = YES;
				CLANG_WARN_STRICT_PROTOTYPES = YES;
				CLANG_WARN_SUSPICIOUS_MOVE = YES;
				CLANG_WARN_UNGUARDED_AVAILABILITY = YES_AGGRESSIVE;
				CLANG_WARN_UNREACHABLE_CODE = YES;
				CLANG_WARN__DUPLICATE_METHOD_MATCH = YES;
				COPY_PHASE_STRIP = NO;
				DEBUG_INFORMATION_FORMAT = "dwarf-with-dsym";
				ENABLE_NS_ASSERTIONS = NO;
				ENABLE_STRICT_OBJC_MSGSEND = YES;
				GCC_C_LANGUAGE_STANDARD = gnu11;
				GCC_NO_COMMON_BLOCKS = YES;
				GCC_WARN_64_TO_32_BIT_CONVERSION = YES;
				GCC_WARN_ABOUT_RETURN_TYPE = YES_ERROR;
				GCC_WARN_UNDECLARED_SELECTOR = YES;
				GCC_WARN_UNINITIALIZED_AUTOS = YES_AGGRESSIVE;
				GCC_WARN_UNUSED_FUNCTION = YES;
				GCC_WARN_UNUSED_VARIABLE = YES;
				IPHONEOS_DEPLOYMENT_TARGET = 14.5;
				MTL_ENABLE_DEBUG_INFO = NO;
				MTL_FAST_MATH = YES;
				SDKROOT = iphoneos;
				SWIFT_COMPILATION_MODE = wholemodule;
				SWIFT_OPTIMIZATION_LEVEL = "-O";
				VALIDATE_PRODUCT = YES;
			};
			name = Release;
		};
		6A30B22B2774DC2B008FED7A /* Debug */ = {
			isa = XCBuildConfiguration;
			baseConfigurationReference = A97F542D6259CF07495C0170 /* Pods-Week12.debug.xcconfig */;
			buildSettings = {
				ASSETCATALOG_COMPILER_APPICON_NAME = AppIcon;
				ASSETCATALOG_COMPILER_GLOBAL_ACCENT_COLOR_NAME = AccentColor;
				CODE_SIGN_STYLE = Automatic;
				DEVELOPMENT_TEAM = T2Z6Q6SV9B;
				INFOPLIST_FILE = Week12/Info.plist;
				LD_RUNPATH_SEARCH_PATHS = (
					"$(inherited)",
					"@executable_path/Frameworks",
				);
				PRODUCT_BUNDLE_IDENTIFIER = com.mbk.Week12;
				PRODUCT_NAME = "$(TARGET_NAME)";
				SWIFT_VERSION = 5.0;
				TARGETED_DEVICE_FAMILY = "1,2";
			};
			name = Debug;
		};
		6A30B22C2774DC2B008FED7A /* Release */ = {
			isa = XCBuildConfiguration;
			baseConfigurationReference = 8ADE40F28B1DD1EE1D4F5CB3 /* Pods-Week12.release.xcconfig */;
			buildSettings = {
				ASSETCATALOG_COMPILER_APPICON_NAME = AppIcon;
				ASSETCATALOG_COMPILER_GLOBAL_ACCENT_COLOR_NAME = AccentColor;
				CODE_SIGN_STYLE = Automatic;
				DEVELOPMENT_TEAM = T2Z6Q6SV9B;
				INFOPLIST_FILE = Week12/Info.plist;
				LD_RUNPATH_SEARCH_PATHS = (
					"$(inherited)",
					"@executable_path/Frameworks",
				);
				PRODUCT_BUNDLE_IDENTIFIER = com.mbk.Week12;
				PRODUCT_NAME = "$(TARGET_NAME)";
				SWIFT_VERSION = 5.0;
				TARGETED_DEVICE_FAMILY = "1,2";
			};
			name = Release;
		};
/* End XCBuildConfiguration section */

/* Begin XCConfigurationList section */
		6A30B2112774DC28008FED7A /* Build configuration list for PBXProject "Week12" */ = {
			isa = XCConfigurationList;
			buildConfigurations = (
				6A30B2282774DC2B008FED7A /* Debug */,
				6A30B2292774DC2B008FED7A /* Release */,
			);
			defaultConfigurationIsVisible = 0;
			defaultConfigurationName = Release;
		};
		6A30B22A2774DC2B008FED7A /* Build configuration list for PBXNativeTarget "Week12" */ = {
			isa = XCConfigurationList;
			buildConfigurations = (
				6A30B22B2774DC2B008FED7A /* Debug */,
				6A30B22C2774DC2B008FED7A /* Release */,
			);
			defaultConfigurationIsVisible = 0;
			defaultConfigurationName = Release;
		};
/* End XCConfigurationList section */
	};
	rootObject = 6A30B20E2774DC28008FED7A /* Project object */;
}
